# This file is autogenerated, do not edit; changes may be undone by the next 'dep ensure'.


[[projects]]
  name = "github.com/chriswhelix/deptestglide1"
  packages = ["."]
  revision = "a537ced77a626dadc23dfb36140e815be819a037"
  version = "gt080"

[[projects]]
  name = "github.com/chriswhelix/deptestglide2"
  packages = ["."]
  revision = "ee5909194b70b9781e210ffd394ffd47dda7a137"
  version = "2.0.0"

[[projects]]
  name = "github.com/sdboyer/deptest"
  packages = ["."]
  revision = "3f4c3bea144e112a69bbe5d8d01c1b09a544253f"
  version = "v0.8.1"

[solve-meta]
  analyzer-name = "dep+import"
  analyzer-version = 1
  inputs-digest = "3b5775772cf0845db52469ca32e633e545ca507ea6bedd7b3dbe697aea1b2461"
  solver-name = "gps-cdcl"
  solver-version = 1
