# This file is autogenerated, do not edit; changes may be undone by the next 'dep ensure'.


[[projects]]
  name = "github.com/ChinmayR/deptestglideA"
  packages = ["."]
  revision = "cead75b1cde64ae1353ddbf73f6089303d6001b4"
  version = "v0.3.0"

[[projects]]
  name = "github.com/ChinmayR/deptestglideB"
  packages = ["."]
  revision = "571b81795d767461736e6d0ca69e5f9840bdbf0e"
  version = "v0.5.0"

[[projects]]
  name = "github.com/ChinmayR/deptestglideC"
  packages = ["."]
  revision = "4d3546304e8a1ceb6bb01e7e6201e852abb8ae4d"
  version = "v0.1.0"

[solve-meta]
  analyzer-name = "dep"
  analyzer-version = 1
  inputs-digest = "86bfffc8c6e5de1a4f6c613dcd88d5b76d8b5b17bf797320eb6842bf9239837d"
  solver-name = "gps-cdcl"
  solver-version = 1
