# This file is autogenerated, do not edit; changes may be undone by the next 'dep ensure'.


[[projects]]
  digest = "1:698cd4951cb265ae57d473cc883630bd2d5cc9a472fe513acd54886751cb0457"
  name = "github.com/ChinmayR/deptestglideA"
  packages = ["."]
  pruneopts = "UT"
  revision = "2f77d68963bb3dff94b88330d930cb59714cd2fc"
  version = "v0.5.0"

[[projects]]
  digest = "1:0ed6d2f0ec01022dbca6d19f6a89a4200a9430c51f07309446c3751591fc3c39"
  name = "github.com/ChinmayR/deptestglideB"
  packages = ["."]
  pruneopts = "UT"
  revision = "7f8abdec9e29a008d40cfcbb0848b82cc4000d25"
  version = "v0.3.0"

[[projects]]
  digest = "1:4f14135d41f9b3692c6ac4e9defe4ea020ddeb41a169ba26fd1abdd193e097cd"
  name = "github.com/ChinmayR/deptestglideC"
  packages = ["."]
  pruneopts = "UT"
  revision = "73ba3c1897d21e64bec0b89a026a1acb6604e846"
  version = "v0.2.0"

[solve-meta]
  analyzer-name = "dep"
  analyzer-version = 1
  input-imports = [
    "github.com/ChinmayR/deptestglideA",
    "github.com/ChinmayR/deptestglideB",
  ]
  solver-name = "gps-cdcl"
  solver-version = 1
