# This file is autogenerated, do not edit; changes may be undone by the next 'dep ensure'.


[[projects]]
  name = "github.com/ChinmayR/deptestglideA"
  packages = ["."]
  revision = "2f77d68963bb3dff94b88330d930cb59714cd2fc"
  version = "v0.5.0"

[[projects]]
  name = "github.com/ChinmayR/deptestglideB"
  packages = ["."]
  revision = "7f8abdec9e29a008d40cfcbb0848b82cc4000d25"
  version = "v0.3.0"

[[projects]]
  name = "github.com/ChinmayR/deptestglideC"
  packages = ["."]
  revision = "73ba3c1897d21e64bec0b89a026a1acb6604e846"
  version = "v0.2.0"

[solve-meta]
  analyzer-name = "dep"
  analyzer-version = 1
  inputs-digest = "e4ba06c77ad87955efd40ad92c8ddc0cd6dba1137fecdc958f02cc79b1f64202"
  solver-name = "gps-cdcl"
  solver-version = 1
