# This file is autogenerated, do not edit; changes may be undone by the next 'dep ensure'.


[[projects]]
  branch = "master"
  digest = "1:62b5039d111b756e045e4d0f74545bfa9db8b49137f00bfe87e7f403023f500e"
  name = "github.com/pohly/deptestmodules"
  packages = ["pkg/foo"]
  pruneopts = "UT"
  revision = "797a8d2c23e060c7d84f3e3afcda9128d4853648"

[solve-meta]
  analyzer-name = "dep"
  analyzer-version = 1
  input-imports = ["github.com/pohly/deptestmodules/pkg/foo"]
  solver-name = "gps-cdcl"
  solver-version = 1
