# This file is autogenerated, do not edit; changes may be undone by the next 'dep ensure'.


[[projects]]
  digest = "1:2bb2f3f169ad31382b7b41969518a99fe8974f4f5a737b6c30501a36f2fd40dc"
  name = "github.com/ChinmayR/deptestglideA"
  packages = ["."]
  pruneopts = "UT"
  revision = "26ab0f16d85723be5ff44e5b4bd2a8e0f3a34989"
  version = "v0.2.0"

[[projects]]
  digest = "1:d35fc62a5ecad295b86623f47a2b3d6ce4e81cd9584c04b41d05c9cafea9137e"
  name = "github.com/ChinmayR/deptestglideB"
  packages = ["."]
  pruneopts = "UT"
  revision = "143bb0e8f4cc3a3227a2d250f99d08ee879c7909"
  version = "v0.2.0"

[solve-meta]
  analyzer-name = "dep"
  analyzer-version = 1
  input-imports = [
    "github.com/ChinmayR/deptestglideA",
    "github.com/ChinmayR/deptestglideB",
  ]
  solver-name = "gps-cdcl"
  solver-version = 1
