# This file is autogenerated, do not edit; changes may be undone by the next 'dep ensure'.


[[projects]]
  name = "github.com/carolynvs/deptestglide"
  packages = ["."]
  revision = "aa7fea6e17ca281c6f210afb93fc3c98ef29a695"
  version = "v0.1.1"

[[projects]]
  name = "github.com/sdboyer/deptest"
  packages = ["."]
  revision = "3f4c3bea144e112a69bbe5d8d01c1b09a544253f"
  version = "v0.8.1"

[solve-meta]
  analyzer-name = "dep+import"
  analyzer-version = 1
  inputs-digest = "07eddb7ff09071bde95b019911e1fb30d91bddabbb23f4c797c6ce61b58cd7be"
  solver-name = "gps-cdcl"
  solver-version = 1
