# This file is autogenerated, do not edit; changes may be undone by the next 'dep ensure'.


[[projects]]
  name = "github.com/carolynvs/deptestglide"
  packages = ["."]
  revision = "aa7fea6e17ca281c6f210afb93fc3c98ef29a695"
  version = "v0.1.1"

[[projects]]
  name = "github.com/sdboyer/deptest"
  packages = ["."]
  revision = "3f4c3bea144e112a69bbe5d8d01c1b09a544253f"
  version = "v0.8.1"

[solve-meta]
  analyzer-name = "dep"
  analyzer-version = 1
  inputs-digest = "87996f836c70eac9c14221085412cbc96eb98cc6a0782c0724575a56511abe8d"
  solver-name = "gps-cdcl"
  solver-version = 1
