# This file is autogenerated, do not edit; changes may be undone by the next 'dep ensure'.


[[projects]]
  name = "github.com/chriswhelix/deptestglide1"
  packages = ["."]
  revision = "a537ced77a626dadc23dfb36140e815be819a037"
  version = "gt080"

[[projects]]
  name = "github.com/chriswhelix/deptestglide2"
  packages = ["."]
  revision = "fff62a89d33d0ae0bfb23da76698212aadea45c9"
  version = "eq081"

[[projects]]
  name = "github.com/sdboyer/deptest"
  packages = ["."]
  revision = "3f4c3bea144e112a69bbe5d8d01c1b09a544253f"
  version = "v0.8.1"

[solve-meta]
  analyzer-name = "dep+import"
  analyzer-version = 1
  inputs-digest = "f8eb7c9b8e225ef1e8ff6957f36d8ae979457fe09a21d9b470ff1a4f5cb63b46"
  solver-name = "gps-cdcl"
  solver-version = 1
