hash: 6327fb979acfc5e3ff565d70623465ed1798d2709f5fce73e7b214408473fc52
updated: 2016-04-01T12:47:43.988844881-04:00
imports:
- name: github.com/Masterminds/semver
  version: dc6f778231d838c084d36709ac95105ced2a3b4e
  repo: git@github.com:sdboyer/semver
  vcs: git
- name: github.com/Masterminds/vcs
  version: b22ee1673cdd03ef47bb0b422736a7f17ff0648c
- name: github.com/Sirupsen/logrus
  version: 4b6ea7319e214d98c938f12692336f7ca9348d6b
- name: golang.org/x/sys
  version: 320cb01ddbbf0473674c2585f9b6e245721de355
  subpackages:
  - unix
devImports: []
