hash: c881fdebf747f08a9d28f0c42cfce09e9d987ed8578d92c2957eaa11664e032d
updated: 2016-04-13T12:35:33.512197757-04:00
imports:
- name: github.com/Masterminds/semver
  version: dc6f778231d838c084d36709ac95105ced2a3b4e
  repo: git@github.com:sdboyer/semver
  vcs: git
- name: github.com/Masterminds/vcs
  version: 7a21de0acff824ccf45f633cc844a19625149c2f
  vcs: git
- name: github.com/Sirupsen/logrus
  version: 4b6ea7319e214d98c938f12692336f7ca9348d6b
- name: github.com/termie/go-shutil
  version: bcacb06fecaeec8dc42af03c87c6949f4a05c74c
- name: golang.org/x/sys
  version: b323466d0bc6669362b0836480b30452d2c00db9
  subpackages:
  - unix
devImports: []
