# This file is autogenerated, do not edit; changes may be undone by the next 'dep ensure'.


[[projects]]
  branch = "2.x"
  name = "github.com/Masterminds/semver"
  packages = ["."]
  revision = "139cc0982c53f1367af5636b12b7643cd03757fc"

[[projects]]
  name = "github.com/Masterminds/vcs"
  packages = ["."]
  revision = "3084677c2c188840777bff30054f2b553729d329"
  version = "v1.11.1"

[[projects]]
  branch = "master"
  name = "github.com/armon/go-radix"
  packages = ["."]
  revision = "4239b77079c7b5d1243b7b4736304ce8ddb6f0f2"

[[projects]]
  branch = "v2"
  name = "github.com/go-yaml/yaml"
  packages = ["."]
  revision = "cd8b52f8269e0feb286dfeef29f8fe4d5b397e0b"

[[projects]]
  branch = "master"
  name = "github.com/nightlyone/lockfile"
  packages = ["."]
  revision = "e83dc5e7bba095e8d32fb2124714bf41f2a30cb5"

[[projects]]
  name = "github.com/pelletier/go-buffruneio"
  packages = ["."]
  revision = "c37440a7cf42ac63b919c752ca73a85067e05992"
  version = "v0.2.0"

[[projects]]
  branch = "master"
  name = "github.com/pelletier/go-toml"
  packages = ["."]
  revision = "fe206efb84b2bc8e8cfafe6b4c1826622be969e3"

[[projects]]
  name = "github.com/pkg/errors"
  packages = ["."]
  revision = "645ef00459ed84a119197bfb8d8205042c6df63d"
  version = "v0.8.0"

[[projects]]
  branch = "master"
  name = "github.com/sdboyer/constext"
  packages = ["."]
  revision = "836a144573533ea4da4e6929c235fd348aed1c80"

[solve-meta]
  analyzer-name = "dep"
  analyzer-version = 1
  inputs-digest = "48b2f69d59b2f321b14ee11547f4ac94468ac91bb99aad48337d42b75b791975"
  solver-name = "gps-cdcl"
  solver-version = 1
