hash: ca4079cea0bcb746c052c89611d05eb5649440191bcad12afde0ac4c4a00fb97
updated: 2017-03-09T21:12:59.686448539+01:00
imports:
- name: github.com/armon/go-radix
  version: 4239b77079c7b5d1243b7b4736304ce8ddb6f0f2
- name: github.com/Masterminds/semver
  version: 94ad6eaf8457cf85a68c9b53fa42e9b1b8683783
- name: github.com/Masterminds/vcs
  version: abd1ea7037d3652ef9833a164b627f49225e1131
- name: github.com/sdboyer/constext
  version: 836a144573533ea4da4e6929c235fd348aed1c80
testImports: []
