# This file is autogenerated, do not edit; changes may be undone by the next 'dep ensure'.


[[projects]]
  branch = "master"
  name = "github.com/sdboyer/deptest"
  packages = ["."]
  revision = "3f4c3bea144e112a69bbe5d8d01c1b09a544253f"

[[projects]]
  name = "github.com/sdboyer/deptestdos"
  packages = ["."]
  revision = "a0196baa11ea047dd65037287451d36b861b00ea"

[solve-meta]
  analyzer-name = "dep"
  analyzer-version = 1
  inputs-digest = "af9a783a5430dabcaaf44683c09e2b729e1c0d61f13bfdf6677c4fd0b41387ca"
  solver-name = "gps-cdcl"
  solver-version = 1
