# This file is autogenerated, do not edit; changes may be undone by the next 'dep ensure'.


[[projects]]
  branch = "master"
  name = "github.com/sdboyer/deptest"
  packages = ["."]
  revision = "3f4c3bea144e112a69bbe5d8d01c1b09a544253f"

[solve-meta]
  analyzer-name = "dep"
  analyzer-version = 1
  inputs-digest = "8114537cd7d93f5eacebdea7dfec0c3c10919d7f952d056e2a3142fee1c33aee"
  solver-name = "gps-cdcl"
  solver-version = 1
