# This file is autogenerated, do not edit; changes may be undone by the next 'dep ensure'.

[solve-meta]
  inputs-digest = "9ee70d58a0bc986cfb1d57a351786e9cf1bfc2ca763ce17f601a6529aebe65d1"
  analyzer-name = "dep"
  analyzer-version = 1
  solver-name = "gps-cdcl"
  solver-version = 1

[[projects]]
  name = "github.com/sdboyer/deptest"
  revision = "3f4c3bea144e112a69bbe5d8d01c1b09a544253f"
  version = "v0.8.1"
  source = "https://github.com/carolynvs/deptest"
  packages = ["."]

[[projects]]
  name = "github.com/sdboyer/deptestdos"
  revision = "5c607206be5decd28e6263ffffdcee067266015e"
  version = "v2.0.0"
  packages = ["."]

[[projects]]
  name = "gopkg.in/yaml.v2"
  branch = "v2"
  revision = "f7716cbe52baa25d2e9b0d0da546fcf909fc16b4"
  packages = ["."]
