# This file is autogenerated, do not edit; changes may be undone by the next 'dep ensure'.


[[projects]]
  name = "github.com/sdboyer/deptest"
  packages = ["."]
  revision = "3f4c3bea144e112a69bbe5d8d01c1b09a544253f"
  source = "https://github.com/carolynvs/deptest"
  version = "v0.8.1"

[[projects]]
  name = "github.com/sdboyer/deptestdos"
  packages = ["."]
  revision = "5c607206be5decd28e6263ffffdcee067266015e"
  version = "v2.0.0"

[[projects]]
  branch = "v2"
  name = "gopkg.in/yaml.v2"
  packages = ["."]
  revision = "f7716cbe52baa25d2e9b0d0da546fcf909fc16b4"

[solve-meta]
  analyzer-name = "dep"
  analyzer-version = 1
  inputs-digest = "9ee70d58a0bc986cfb1d57a351786e9cf1bfc2ca763ce17f601a6529aebe65d1"
  solver-name = "gps-cdcl"
  solver-version = 1
