# This file is autogenerated, do not edit; changes may be undone by the next 'dep ensure'.


[[projects]]
  name = "github.com/sdboyer/deptest"
  packages = ["."]
  revision = "ff2948a2ac8f538c4ecd55962e919d1e13e74baf"
  version = "v1.0.0"

[solve-meta]
  analyzer-name = "dep"
  analyzer-version = 1
  # manually modified hash digest, it will not match any known inputs
  inputs-digest = "94b07b05e0f01051b03887ab2bf80b516bc5510ea92f75f76c894b1745d8850c"
  solver-name = "gps-cdcl"
  solver-version = 1
