# This file is autogenerated, do not edit; changes may be undone by the next 'dep ensure'.


[[projects]]
  name = "github.com/sdboyer/deptest"
  packages = ["."]
  revision = "ff2948a2ac8f538c4ecd55962e919d1e13e74baf"
  version = "v1.0.0"

[[projects]]
  name = "github.com/sdboyer/deptestdos"
  packages = ["."]
  revision = "5c607206be5decd28e6263ffffdcee067266015e"
  version = "v2.0.0"

[solve-meta]
  analyzer-name = "dep"
  analyzer-version = 1
  inputs-digest = "a6ba2237d28d125b55fc6c86e94e33363f1dfd880d471118d36d7587398c30b4"
  solver-name = "gps-cdcl"
  solver-version = 1
