# This file is autogenerated, do not edit; changes may be undone by the next 'dep ensure'.


[[projects]]
  name = "github.com/sdboyer/deptest"
  packages = ["."]
  revision = "ff2948a2ac8f538c4ecd55962e919d1e13e74baf"
  version = "v1.0.0"

[[projects]]
  branch = "master"
  name = "github.com/sdboyer/deptesttres"
  packages = ["."]
  revision = "54aaeb0023e1f3dcf5f98f31dd8c565457945a12"

[solve-meta]
  analyzer-name = "dep"
  analyzer-version = 1
  inputs-digest = "8f0b74fd1169808bd0e31dd7ad6c601c7b8f7ef25eec9e8a45e72b8a384ebb5c"
  solver-name = "gps-cdcl"
  solver-version = 1
