# This file is autogenerated, do not edit; changes may be undone by the next 'dep ensure'.


[[projects]]
  name = "github.com/sdboyer/deptest"
  packages = ["."]
  revision = "ff2948a2ac8f538c4ecd55962e919d1e13e74baf"
  version = "v1.0.0"

[[projects]]
  name = "github.com/sdboyer/deptestdos"
  packages = ["."]
  revision = "a0196baa11ea047dd65037287451d36b861b00ea"

[solve-meta]
  analyzer-name = "dep"
  analyzer-version = 1
  inputs-digest = "a64abd431f23d6fbc8d83aef311d33ab12b3a6c74a46c271e89c2542c98bbb9a"
  solver-name = "gps-cdcl"
  solver-version = 1
