# This file is autogenerated, do not edit; changes may be undone by the next 'dep ensure'.


[[projects]]
  name = "github.com/chriswhelix/deptestglide1"
  packages = ["."]
  revision = "a537ced77a626dadc23dfb36140e815be819a037"
  version = "gt080"

[[projects]]
  name = "github.com/sdboyer/deptest"
  packages = ["."]
  revision = "3f4c3bea144e112a69bbe5d8d01c1b09a544253f"
  version = "v0.8.1"

[solve-meta]
  analyzer-name = "dep+import"
  analyzer-version = 1
  inputs-digest = "a8157aa25c4d4d8e5b76d531ac4b9eabaa4e2fcce632c663fa0c16e963e45f6e"
  solver-name = "gps-cdcl"
  solver-version = 1
