# This file is autogenerated, do not edit; changes may be undone by the next 'dep ensure'.


[[projects]]
  name = "github.com/carolynvs/deptest-transcons-b"
  packages = ["."]
  revision = "bc9969bda2dd54b67470c2f199b14d2665c0f7a1"
  version = "v1.0.0"

[[projects]]
  name = "github.com/carolynvs/deptest-transcons-c"
  packages = ["."]
  revision = "24ede1a3d5a6a036793bfcadf8802f60148adf90"
  version = "v1.0.0"

[solve-meta]
  analyzer-name = "dep"
  analyzer-version = 1
  inputs-digest = "bd219aa442b67cb568bd608a1c39644db8835170c8c5b83bfd3e0f8f0caf07f3"
  solver-name = "gps-cdcl"
  solver-version = 1
