# This file is autogenerated, do not edit; changes may be undone by the next 'dep ensure'.


[[projects]]
  name = "github.com/ChinmayR/deptestglideA"
  packages = ["."]
  revision = "120a353fc5706d8b5c0cca93b01606ed37a2247a"
  version = "v0.6.0"

[[projects]]
  name = "github.com/ChinmayR/deptestglideB"
  packages = ["."]
  revision = "571b81795d767461736e6d0ca69e5f9840bdbf0e"
  version = "v0.5.0"

[[projects]]
  name = "github.com/ChinmayR/deptestglideC"
  packages = ["."]
  revision = "4d3546304e8a1ceb6bb01e7e6201e852abb8ae4d"
  version = "v0.1.0"

[solve-meta]
  analyzer-name = "dep"
  analyzer-version = 1
  inputs-digest = "d53f4d52c7fbb52058a9c21ee1e3c94dae43f1af5366ab8ded5b14880c44b94b"
  solver-name = "gps-cdcl"
  solver-version = 1
