hash: aaa381b9594dc45664ab6526eb629939e5d0e24b63448a3c6f6fb7be530f1436
updated: 2017-07-24T17:01:13.600587367-07:00
imports:
- name: github.com/chriswhelix/deptestglide1
  version: d2925e73d1fc12ac1f61ba86bb1983452bfe5b49
- name: github.com/chriswhelix/deptestglide2
  version: 9e840be4d01f8a760b4ae8117a03815afdad3188
- name: github.com/sdboyer/deptest
  version: ff2948a2ac8f538c4ecd55962e919d1e13e74baf
testImports: []
