# This file is autogenerated, do not edit; changes may be undone by the next 'dep ensure'.


[[projects]]
  branch = "master"
  name = "github.com/sdboyer/deptesttres"
  packages = ["."]
  revision = "54aaeb0023e1f3dcf5f98f31dd8c565457945a12"

[solve-meta]
  analyzer-name = "dep"
  analyzer-version = 1
  inputs-digest = "342afd8c8a616d084eb7b67bf3a891710eca3ce5abc3cf60af0dae4ccfdcd001"
  solver-name = "gps-cdcl"
  solver-version = 1
