hash: 16053c82a71f9bd509b05a4523df6bc418aed2083e4b8bd97a870bbc003256f8
updated: 2017-03-07T17:02:32.214383898-06:00
imports:
- name: github.com/sdboyer/deptest
  repo: https://github.com/sdboyer/deptest.git
  vcs: git
  version: 3f4c3bea144e112a69bbe5d8d01c1b09a544253f
- name: github.com/sdboyer/deptestdos
  version: 5c607206be5decd28e6263ffffdcee067266015e
testImports:
- name: github.com/golang/lint
  version: cb00e5669539f047b2f4c53a421a01b0c8e172c6
