# This file is autogenerated, do not edit; changes may be undone by the next 'dep ensure'.


[[projects]]
  branch = "master"
  name = "github.com/sdboyer/deptest"
  packages = ["."]
  revision = "3f4c3bea144e112a69bbe5d8d01c1b09a544253f"

[solve-meta]
  analyzer-name = "dep"
  analyzer-version = 2
  inputs-digest = "f19e1ec3f0a05fd73e23a1f72ab9f39c7bcc78ab70e0bfdb2b1555df7449a308"
  solver-name = "gps-cdcl"
  solver-version = 1
