# This file is autogenerated, do not edit; changes may be undone by the next 'dep ensure'.


[[projects]]
  name = "github.com/sdboyer/deptest"
  packages = ["."]
  revision = "3f4c3bea144e112a69bbe5d8d01c1b09a544253f"
  version = "v0.8.1"

[solve-meta]
  analyzer-name = "dep"
  analyzer-version = 1
  inputs-digest = "e7725ea56516a42a641aaaf5d48754258d9f3c59949cb8a0e8a21b1ab6e07179"
  solver-name = "gps-cdcl"
  solver-version = 1
