# This file is autogenerated, do not edit; changes may be undone by the next 'dep ensure'.


[[projects]]
  name = "github.com/ChinmayR/deptestglideA"
  packages = ["."]
  revision = "703f28fdee407d70dcc4cb774a0fbb82fa70daa9"
  version = "v0.4.0"

[[projects]]
  name = "github.com/ChinmayR/deptestglideB"
  packages = ["."]
  revision = "55b6737d9d84461196123a51baa02b156abc4543"
  version = "v0.4.0"

[[projects]]
  name = "github.com/ChinmayR/deptestglideC"
  packages = ["."]
  revision = "4d3546304e8a1ceb6bb01e7e6201e852abb8ae4d"
  version = "v0.1.0"

[solve-meta]
  analyzer-name = "dep"
  analyzer-version = 1
  inputs-digest = "178a09819c33edcef8eb9c4ed26cc9053aed45e4f04645085feaef7921c8688c"
  solver-name = "gps-cdcl"
  solver-version = 1
