# This file is autogenerated, do not edit; changes may be undone by the next 'dep ensure'.


[[projects]]
  name = "github.com/sdboyer/deptest"
  packages = ["."]
  revision = "3f4c3bea144e112a69bbe5d8d01c1b09a544253f"
  version = "v0.8.1"

[[projects]]
  branch = "master"
  name = "github.com/sdboyer/deptesttres"
  packages = ["."]
  revision = "54aaeb0023e1f3dcf5f98f31dd8c565457945a12"

[solve-meta]
  analyzer-name = "dep"
  analyzer-version = 1
  inputs-digest = "645b5b52e1bfb9e3db1cefde758485e009edfe5bad611b490582d94467f9c1b0"
  solver-name = "gps-cdcl"
  solver-version = 1
